
Microsoft Visual Studio Solution File, Format Version 12.00
# Visual Studio Version 16
VisualStudioVersion = 16.0.30011.22
MinimumVisualStudioVersion = 10.0.40219.1
Project("{FAE04EC0-301F-11D3-BF4B-00C04F79EFBC}") = "Snake 2.0", "Snake 2.0.csproj", "{4345882C-6799-4696-B00F-A92DA2A20B8B}"
EndProject
Global
	GlobalSection(SolutionConfigurationPlatforms) = preSolution
		Debug|Any CPU = Debug|Any CPU
		Release|Any CPU = Release|Any CPU
	EndGlobalSection
	GlobalSection(ProjectConfigurationPlatforms) = postSolution
		{4345882C-6799-4696-B00F-A92DA2A20B8B}.Debug|Any CPU.ActiveCfg = Debug|Any CPU
		{4345882C-6799-4696-B00F-A92DA2A20B8B}.Debug|Any CPU.Build.0 = Debug|Any CPU
		{4345882C-6799-4696-B00F-A92DA2A20B8B}.Release|Any CPU.ActiveCfg = Release|Any CPU
		{4345882C-6799-4696-B00F-A92DA2A20B8B}.Release|Any CPU.Build.0 = Release|Any CPU
	EndGlobalSection
	GlobalSection(SolutionProperties) = preSolution
		HideSolutionNode = FALSE
	EndGlobalSection
	GlobalSection(ExtensibilityGlobals) = postSolution
		SolutionGuid = {E72129D0-288C-4C71-8B29-96C926205D10}
	EndGlobalSection
EndGlobal
